
Microsoft Visual Studio Solution File, Format Version 12.00
# Visual Studio Version 17
VisualStudioVersion = 17.0.31903.59
MinimumVisualStudioVersion = 10.0.40219.1
Project("{2150E333-8FDC-42A3-9474-1A3956D46DE8}") = "Api", "Api", "{D82C56D6-B2CD-F611-9E31-04638F7EC30E}"
EndProject
Project("{FAE04EC0-301F-11D3-BF4B-00C04F79EFBC}") = "RetailHub.Api", "Api\RetailHub.Api\RetailHub.Api.csproj", "{939315F1-D3EC-43C4-9DA0-4EA39BBD85CB}"
EndProject
Project("{2150E333-8FDC-42A3-9474-1A3956D46DE8}") = "BuildingBlocks", "BuildingBlocks", "{7266C4A9-E384-DC00-0EB6-47F6002CFBA7}"
EndProject
Project("{2150E333-8FDC-42A3-9474-1A3956D46DE8}") = "Domain", "Domain", "{40989E0B-D64C-46ED-21F8-707E8BBF6E02}"
EndProject
Project("{FAE04EC0-301F-11D3-BF4B-00C04F79EFBC}") = "BuildingBlocks.Domain", "BuildingBlocks\Domain\BuildingBlocks.Domain\BuildingBlocks.Domain.csproj", "{32D614A2-9E34-4F86-AF61-7ECE918A29F0}"
EndProject
Project("{2150E333-8FDC-42A3-9474-1A3956D46DE8}") = "Application", "Application", "{328D8444-6DE6-A52E-F3CF-45F39437F3B2}"
EndProject
Project("{FAE04EC0-301F-11D3-BF4B-00C04F79EFBC}") = "BuildingBlocks.Application", "BuildingBlocks\Application\BuildingBlocks.Application\BuildingBlocks.Application.csproj", "{EF4E9E92-0881-447D-BDD5-EF6871E8A421}"
EndProject
Project("{2150E333-8FDC-42A3-9474-1A3956D46DE8}") = "Infrastructure", "Infrastructure", "{F8F4539D-0082-74A4-1D92-510706789366}"
EndProject
Project("{FAE04EC0-301F-11D3-BF4B-00C04F79EFBC}") = "BuildingBlocks.Infrastructure", "BuildingBlocks\Infrastructure\BuildingBlocks.Infrastructure\BuildingBlocks.Infrastructure.csproj", "{25E607EC-9F47-40E4-BB62-5D56DB156D02}"
EndProject
Project("{2150E333-8FDC-42A3-9474-1A3956D46DE8}") = "Modules", "Modules", "{CA253913-39DE-BFD0-C9A3-4B7EC6FBDF17}"
EndProject
Project("{2150E333-8FDC-42A3-9474-1A3956D46DE8}") = "Catalog", "Catalog", "{729B03C7-1C3E-5EDD-EDB4-38F58E22BDF1}"
EndProject
Project("{FAE04EC0-301F-11D3-BF4B-00C04F79EFBC}") = "Catalog.Domain", "Modules\Catalog\Catalog.Domain\Catalog.Domain.csproj", "{3F7DEBF4-6C89-420F-BA24-06069ED5B88B}"
EndProject
Project("{FAE04EC0-301F-11D3-BF4B-00C04F79EFBC}") = "Catalog.Application", "Modules\Catalog\Catalog.Application\Catalog.Application.csproj", "{805E8A16-EA26-4AE3-AD91-2ECDF66C5503}"
EndProject
Project("{FAE04EC0-301F-11D3-BF4B-00C04F79EFBC}") = "Catalog.Infrastructure", "Modules\Catalog\Catalog.Infrastructure\Catalog.Infrastructure.csproj", "{697330A3-0CBB-45B3-9394-A71C570A3FB8}"
EndProject
Project("{FAE04EC0-301F-11D3-BF4B-00C04F79EFBC}") = "Catalog.Contracts", "Modules\Catalog\Catalog.Contracts\Catalog.Contracts.csproj", "{75E9EE37-46E7-4A5F-9F4E-53CEE2959B43}"
EndProject
Project("{2150E333-8FDC-42A3-9474-1A3956D46DE8}") = "Cart", "Cart", "{EB586A60-27AF-8045-D933-6C2DD04C24B0}"
EndProject
Project("{FAE04EC0-301F-11D3-BF4B-00C04F79EFBC}") = "Cart.Domain", "Modules\Cart\Cart.Domain\Cart.Domain.csproj", "{8D3EC4BE-3FA1-4A00-AC05-66CF02383134}"
EndProject
Project("{FAE04EC0-301F-11D3-BF4B-00C04F79EFBC}") = "Cart.Application", "Modules\Cart\Cart.Application\Cart.Application.csproj", "{FD0C1CD8-D1C7-40C5-8FB0-D4AAB1210452}"
EndProject
Project("{FAE04EC0-301F-11D3-BF4B-00C04F79EFBC}") = "Cart.Infrastructure", "Modules\Cart\Cart.Infrastructure\Cart.Infrastructure.csproj", "{8B9F0693-BFCC-4306-9638-6C078FC7451C}"
EndProject
Project("{FAE04EC0-301F-11D3-BF4B-00C04F79EFBC}") = "Cart.Contracts", "Modules\Cart\Cart.Contracts\Cart.Contracts.csproj", "{EAAAA313-9C52-4E69-A8B5-313103065B6E}"
EndProject
Project("{2150E333-8FDC-42A3-9474-1A3956D46DE8}") = "Orders", "Orders", "{E1ED5814-3279-5096-6E7D-B99B82AC87D2}"
EndProject
Project("{FAE04EC0-301F-11D3-BF4B-00C04F79EFBC}") = "Orders.Domain", "Modules\Orders\Orders.Domain\Orders.Domain.csproj", "{21199320-8A76-4B32-9B78-AF549D855B75}"
EndProject
Project("{FAE04EC0-301F-11D3-BF4B-00C04F79EFBC}") = "Orders.Application", "Modules\Orders\Orders.Application\Orders.Application.csproj", "{5D4A26D2-917B-40D9-9A2B-873E3FA20C2D}"
EndProject
Project("{FAE04EC0-301F-11D3-BF4B-00C04F79EFBC}") = "Orders.Infrastructure", "Modules\Orders\Orders.Infrastructure\Orders.Infrastructure.csproj", "{00B6C5DF-CE9A-41C5-BA4E-4522A18650E2}"
EndProject
Project("{FAE04EC0-301F-11D3-BF4B-00C04F79EFBC}") = "Orders.Contracts", "Modules\Orders\Orders.Contracts\Orders.Contracts.csproj", "{9A442DDE-3FDA-40AE-AF43-490368BAD010}"
EndProject
Project("{2150E333-8FDC-42A3-9474-1A3956D46DE8}") = "Identity", "Identity", "{293C06CD-4E17-48BD-9F3B-B5ADDFFA9425}"
EndProject
Project("{FAE04EC0-301F-11D3-BF4B-00C04F79EFBC}") = "Identity.Domain", "Modules\Identity\Identity.Domain\Identity.Domain.csproj", "{F92F3F4C-2B87-4DA6-904D-C9D60076582B}"
EndProject
Project("{FAE04EC0-301F-11D3-BF4B-00C04F79EFBC}") = "Identity.Application", "Modules\Identity\Identity.Application\Identity.Application.csproj", "{BCD2FC7D-A75B-4FC4-AC69-A8E2895F0F84}"
EndProject
Project("{FAE04EC0-301F-11D3-BF4B-00C04F79EFBC}") = "Identity.Infrastructure", "Modules\Identity\Identity.Infrastructure\Identity.Infrastructure.csproj", "{259A5C6A-212B-428C-AAF4-3A4EB17EF389}"
EndProject
Project("{FAE04EC0-301F-11D3-BF4B-00C04F79EFBC}") = "Identity.Contracts", "Modules\Identity\Identity.Contracts\Identity.Contracts.csproj", "{32B80B45-B2BC-4445-A508-E96F4358BD0C}"
EndProject
Global
	GlobalSection(SolutionConfigurationPlatforms) = preSolution
		Debug|Any CPU = Debug|Any CPU
		Debug|x64 = Debug|x64
		Debug|x86 = Debug|x86
		Release|Any CPU = Release|Any CPU
		Release|x64 = Release|x64
		Release|x86 = Release|x86
	EndGlobalSection
	GlobalSection(ProjectConfigurationPlatforms) = postSolution
		{939315F1-D3EC-43C4-9DA0-4EA39BBD85CB}.Debug|Any CPU.ActiveCfg = Debug|Any CPU
		{939315F1-D3EC-43C4-9DA0-4EA39BBD85CB}.Debug|Any CPU.Build.0 = Debug|Any CPU
		{939315F1-D3EC-43C4-9DA0-4EA39BBD85CB}.Debug|x64.ActiveCfg = Debug|Any CPU
		{939315F1-D3EC-43C4-9DA0-4EA39BBD85CB}.Debug|x64.Build.0 = Debug|Any CPU
		{939315F1-D3EC-43C4-9DA0-4EA39BBD85CB}.Debug|x86.ActiveCfg = Debug|Any CPU
		{939315F1-D3EC-43C4-9DA0-4EA39BBD85CB}.Debug|x86.Build.0 = Debug|Any CPU
		{939315F1-D3EC-43C4-9DA0-4EA39BBD85CB}.Release|Any CPU.ActiveCfg = Release|Any CPU
		{939315F1-D3EC-43C4-9DA0-4EA39BBD85CB}.Release|Any CPU.Build.0 = Release|Any CPU
		{939315F1-D3EC-43C4-9DA0-4EA39BBD85CB}.Release|x64.ActiveCfg = Release|Any CPU
		{939315F1-D3EC-43C4-9DA0-4EA39BBD85CB}.Release|x64.Build.0 = Release|Any CPU
		{939315F1-D3EC-43C4-9DA0-4EA39BBD85CB}.Release|x86.ActiveCfg = Release|Any CPU
		{939315F1-D3EC-43C4-9DA0-4EA39BBD85CB}.Release|x86.Build.0 = Release|Any CPU
		{32D614A2-9E34-4F86-AF61-7ECE918A29F0}.Debug|Any CPU.ActiveCfg = Debug|Any CPU
		{32D614A2-9E34-4F86-AF61-7ECE918A29F0}.Debug|Any CPU.Build.0 = Debug|Any CPU
		{32D614A2-9E34-4F86-AF61-7ECE918A29F0}.Debug|x64.ActiveCfg = Debug|Any CPU
		{32D614A2-9E34-4F86-AF61-7ECE918A29F0}.Debug|x64.Build.0 = Debug|Any CPU
		{32D614A2-9E34-4F86-AF61-7ECE918A29F0}.Debug|x86.ActiveCfg = Debug|Any CPU
		{32D614A2-9E34-4F86-AF61-7ECE918A29F0}.Debug|x86.Build.0 = Debug|Any CPU
		{32D614A2-9E34-4F86-AF61-7ECE918A29F0}.Release|Any CPU.ActiveCfg = Release|Any CPU
		{32D614A2-9E34-4F86-AF61-7ECE918A29F0}.Release|Any CPU.Build.0 = Release|Any CPU
		{32D614A2-9E34-4F86-AF61-7ECE918A29F0}.Release|x64.ActiveCfg = Release|Any CPU
		{32D614A2-9E34-4F86-AF61-7ECE918A29F0}.Release|x64.Build.0 = Release|Any CPU
		{32D614A2-9E34-4F86-AF61-7ECE918A29F0}.Release|x86.ActiveCfg = Release|Any CPU
		{32D614A2-9E34-4F86-AF61-7ECE918A29F0}.Release|x86.Build.0 = Release|Any CPU
		{EF4E9E92-0881-447D-BDD5-EF6871E8A421}.Debug|Any CPU.ActiveCfg = Debug|Any CPU
		{EF4E9E92-0881-447D-BDD5-EF6871E8A421}.Debug|Any CPU.Build.0 = Debug|Any CPU
		{EF4E9E92-0881-447D-BDD5-EF6871E8A421}.Debug|x64.ActiveCfg = Debug|Any CPU
		{EF4E9E92-0881-447D-BDD5-EF6871E8A421}.Debug|x64.Build.0 = Debug|Any CPU
		{EF4E9E92-0881-447D-BDD5-EF6871E8A421}.Debug|x86.ActiveCfg = Debug|Any CPU
		{EF4E9E92-0881-447D-BDD5-EF6871E8A421}.Debug|x86.Build.0 = Debug|Any CPU
		{EF4E9E92-0881-447D-BDD5-EF6871E8A421}.Release|Any CPU.ActiveCfg = Release|Any CPU
		{EF4E9E92-0881-447D-BDD5-EF6871E8A421}.Release|Any CPU.Build.0 = Release|Any CPU
		{EF4E9E92-0881-447D-BDD5-EF6871E8A421}.Release|x64.ActiveCfg = Release|Any CPU
		{EF4E9E92-0881-447D-BDD5-EF6871E8A421}.Release|x64.Build.0 = Release|Any CPU
		{EF4E9E92-0881-447D-BDD5-EF6871E8A421}.Release|x86.ActiveCfg = Release|Any CPU
		{EF4E9E92-0881-447D-BDD5-EF6871E8A421}.Release|x86.Build.0 = Release|Any CPU
		{25E607EC-9F47-40E4-BB62-5D56DB156D02}.Debug|Any CPU.ActiveCfg = Debug|Any CPU
		{25E607EC-9F47-40E4-BB62-5D56DB156D02}.Debug|Any CPU.Build.0 = Debug|Any CPU
		{25E607EC-9F47-40E4-BB62-5D56DB156D02}.Debug|x64.ActiveCfg = Debug|Any CPU
		{25E607EC-9F47-40E4-BB62-5D56DB156D02}.Debug|x64.Build.0 = Debug|Any CPU
		{25E607EC-9F47-40E4-BB62-5D56DB156D02}.Debug|x86.ActiveCfg = Debug|Any CPU
		{25E607EC-9F47-40E4-BB62-5D56DB156D02}.Debug|x86.Build.0 = Debug|Any CPU
		{25E607EC-9F47-40E4-BB62-5D56DB156D02}.Release|Any CPU.ActiveCfg = Release|Any CPU
		{25E607EC-9F47-40E4-BB62-5D56DB156D02}.Release|Any CPU.Build.0 = Release|Any CPU
		{25E607EC-9F47-40E4-BB62-5D56DB156D02}.Release|x64.ActiveCfg = Release|Any CPU
		{25E607EC-9F47-40E4-BB62-5D56DB156D02}.Release|x64.Build.0 = Release|Any CPU
		{25E607EC-9F47-40E4-BB62-5D56DB156D02}.Release|x86.ActiveCfg = Release|Any CPU
		{25E607EC-9F47-40E4-BB62-5D56DB156D02}.Release|x86.Build.0 = Release|Any CPU
		{3F7DEBF4-6C89-420F-BA24-06069ED5B88B}.Debug|Any CPU.ActiveCfg = Debug|Any CPU
		{3F7DEBF4-6C89-420F-BA24-06069ED5B88B}.Debug|Any CPU.Build.0 = Debug|Any CPU
		{3F7DEBF4-6C89-420F-BA24-06069ED5B88B}.Debug|x64.ActiveCfg = Debug|Any CPU
		{3F7DEBF4-6C89-420F-BA24-06069ED5B88B}.Debug|x64.Build.0 = Debug|Any CPU
		{3F7DEBF4-6C89-420F-BA24-06069ED5B88B}.Debug|x86.ActiveCfg = Debug|Any CPU
		{3F7DEBF4-6C89-420F-BA24-06069ED5B88B}.Debug|x86.Build.0 = Debug|Any CPU
		{3F7DEBF4-6C89-420F-BA24-06069ED5B88B}.Release|Any CPU.ActiveCfg = Release|Any CPU
		{3F7DEBF4-6C89-420F-BA24-06069ED5B88B}.Release|Any CPU.Build.0 = Release|Any CPU
		{3F7DEBF4-6C89-420F-BA24-06069ED5B88B}.Release|x64.ActiveCfg = Release|Any CPU
		{3F7DEBF4-6C89-420F-BA24-06069ED5B88B}.Release|x64.Build.0 = Release|Any CPU
		{3F7DEBF4-6C89-420F-BA24-06069ED5B88B}.Release|x86.ActiveCfg = Release|Any CPU
		{3F7DEBF4-6C89-420F-BA24-06069ED5B88B}.Release|x86.Build.0 = Release|Any CPU
		{805E8A16-EA26-4AE3-AD91-2ECDF66C5503}.Debug|Any CPU.ActiveCfg = Debug|Any CPU
		{805E8A16-EA26-4AE3-AD91-2ECDF66C5503}.Debug|Any CPU.Build.0 = Debug|Any CPU
		{805E8A16-EA26-4AE3-AD91-2ECDF66C5503}.Debug|x64.ActiveCfg = Debug|Any CPU
		{805E8A16-EA26-4AE3-AD91-2ECDF66C5503}.Debug|x64.Build.0 = Debug|Any CPU
		{805E8A16-EA26-4AE3-AD91-2ECDF66C5503}.Debug|x86.ActiveCfg = Debug|Any CPU
		{805E8A16-EA26-4AE3-AD91-2ECDF66C5503}.Debug|x86.Build.0 = Debug|Any CPU
		{805E8A16-EA26-4AE3-AD91-2ECDF66C5503}.Release|Any CPU.ActiveCfg = Release|Any CPU
		{805E8A16-EA26-4AE3-AD91-2ECDF66C5503}.Release|Any CPU.Build.0 = Release|Any CPU
		{805E8A16-EA26-4AE3-AD91-2ECDF66C5503}.Release|x64.ActiveCfg = Release|Any CPU
		{805E8A16-EA26-4AE3-AD91-2ECDF66C5503}.Release|x64.Build.0 = Release|Any CPU
		{805E8A16-EA26-4AE3-AD91-2ECDF66C5503}.Release|x86.ActiveCfg = Release|Any CPU
		{805E8A16-EA26-4AE3-AD91-2ECDF66C5503}.Release|x86.Build.0 = Release|Any CPU
		{697330A3-0CBB-45B3-9394-A71C570A3FB8}.Debug|Any CPU.ActiveCfg = Debug|Any CPU
		{697330A3-0CBB-45B3-9394-A71C570A3FB8}.Debug|Any CPU.Build.0 = Debug|Any CPU
		{697330A3-0CBB-45B3-9394-A71C570A3FB8}.Debug|x64.ActiveCfg = Debug|Any CPU
		{697330A3-0CBB-45B3-9394-A71C570A3FB8}.Debug|x64.Build.0 = Debug|Any CPU
		{697330A3-0CBB-45B3-9394-A71C570A3FB8}.Debug|x86.ActiveCfg = Debug|Any CPU
		{697330A3-0CBB-45B3-9394-A71C570A3FB8}.Debug|x86.Build.0 = Debug|Any CPU
		{697330A3-0CBB-45B3-9394-A71C570A3FB8}.Release|Any CPU.ActiveCfg = Release|Any CPU
		{697330A3-0CBB-45B3-9394-A71C570A3FB8}.Release|Any CPU.Build.0 = Release|Any CPU
		{697330A3-0CBB-45B3-9394-A71C570A3FB8}.Release|x64.ActiveCfg = Release|Any CPU
		{697330A3-0CBB-45B3-9394-A71C570A3FB8}.Release|x64.Build.0 = Release|Any CPU
		{697330A3-0CBB-45B3-9394-A71C570A3FB8}.Release|x86.ActiveCfg = Release|Any CPU
		{697330A3-0CBB-45B3-9394-A71C570A3FB8}.Release|x86.Build.0 = Release|Any CPU
		{75E9EE37-46E7-4A5F-9F4E-53CEE2959B43}.Debug|Any CPU.ActiveCfg = Debug|Any CPU
		{75E9EE37-46E7-4A5F-9F4E-53CEE2959B43}.Debug|Any CPU.Build.0 = Debug|Any CPU
		{75E9EE37-46E7-4A5F-9F4E-53CEE2959B43}.Debug|x64.ActiveCfg = Debug|Any CPU
		{75E9EE37-46E7-4A5F-9F4E-53CEE2959B43}.Debug|x64.Build.0 = Debug|Any CPU
		{75E9EE37-46E7-4A5F-9F4E-53CEE2959B43}.Debug|x86.ActiveCfg = Debug|Any CPU
		{75E9EE37-46E7-4A5F-9F4E-53CEE2959B43}.Debug|x86.Build.0 = Debug|Any CPU
		{75E9EE37-46E7-4A5F-9F4E-53CEE2959B43}.Release|Any CPU.ActiveCfg = Release|Any CPU
		{75E9EE37-46E7-4A5F-9F4E-53CEE2959B43}.Release|Any CPU.Build.0 = Release|Any CPU
		{75E9EE37-46E7-4A5F-9F4E-53CEE2959B43}.Release|x64.ActiveCfg = Release|Any CPU
		{75E9EE37-46E7-4A5F-9F4E-53CEE2959B43}.Release|x64.Build.0 = Release|Any CPU
		{75E9EE37-46E7-4A5F-9F4E-53CEE2959B43}.Release|x86.ActiveCfg = Release|Any CPU
		{75E9EE37-46E7-4A5F-9F4E-53CEE2959B43}.Release|x86.Build.0 = Release|Any CPU
		{8D3EC4BE-3FA1-4A00-AC05-66CF02383134}.Debug|Any CPU.ActiveCfg = Debug|Any CPU
		{8D3EC4BE-3FA1-4A00-AC05-66CF02383134}.Debug|Any CPU.Build.0 = Debug|Any CPU
		{8D3EC4BE-3FA1-4A00-AC05-66CF02383134}.Debug|x64.ActiveCfg = Debug|Any CPU
		{8D3EC4BE-3FA1-4A00-AC05-66CF02383134}.Debug|x64.Build.0 = Debug|Any CPU
		{8D3EC4BE-3FA1-4A00-AC05-66CF02383134}.Debug|x86.ActiveCfg = Debug|Any CPU
		{8D3EC4BE-3FA1-4A00-AC05-66CF02383134}.Debug|x86.Build.0 = Debug|Any CPU
		{8D3EC4BE-3FA1-4A00-AC05-66CF02383134}.Release|Any CPU.ActiveCfg = Release|Any CPU
		{8D3EC4BE-3FA1-4A00-AC05-66CF02383134}.Release|Any CPU.Build.0 = Release|Any CPU
		{8D3EC4BE-3FA1-4A00-AC05-66CF02383134}.Release|x64.ActiveCfg = Release|Any CPU
		{8D3EC4BE-3FA1-4A00-AC05-66CF02383134}.Release|x64.Build.0 = Release|Any CPU
		{8D3EC4BE-3FA1-4A00-AC05-66CF02383134}.Release|x86.ActiveCfg = Release|Any CPU
		{8D3EC4BE-3FA1-4A00-AC05-66CF02383134}.Release|x86.Build.0 = Release|Any CPU
		{FD0C1CD8-D1C7-40C5-8FB0-D4AAB1210452}.Debug|Any CPU.ActiveCfg = Debug|Any CPU
		{FD0C1CD8-D1C7-40C5-8FB0-D4AAB1210452}.Debug|Any CPU.Build.0 = Debug|Any CPU
		{FD0C1CD8-D1C7-40C5-8FB0-D4AAB1210452}.Debug|x64.ActiveCfg = Debug|Any CPU
		{FD0C1CD8-D1C7-40C5-8FB0-D4AAB1210452}.Debug|x64.Build.0 = Debug|Any CPU
		{FD0C1CD8-D1C7-40C5-8FB0-D4AAB1210452}.Debug|x86.ActiveCfg = Debug|Any CPU
		{FD0C1CD8-D1C7-40C5-8FB0-D4AAB1210452}.Debug|x86.Build.0 = Debug|Any CPU
		{FD0C1CD8-D1C7-40C5-8FB0-D4AAB1210452}.Release|Any CPU.ActiveCfg = Release|Any CPU
		{FD0C1CD8-D1C7-40C5-8FB0-D4AAB1210452}.Release|Any CPU.Build.0 = Release|Any CPU
		{FD0C1CD8-D1C7-40C5-8FB0-D4AAB1210452}.Release|x64.ActiveCfg = Release|Any CPU
		{FD0C1CD8-D1C7-40C5-8FB0-D4AAB1210452}.Release|x64.Build.0 = Release|Any CPU
		{FD0C1CD8-D1C7-40C5-8FB0-D4AAB1210452}.Release|x86.ActiveCfg = Release|Any CPU
		{FD0C1CD8-D1C7-40C5-8FB0-D4AAB1210452}.Release|x86.Build.0 = Release|Any CPU
		{8B9F0693-BFCC-4306-9638-6C078FC7451C}.Debug|Any CPU.ActiveCfg = Debug|Any CPU
		{8B9F0693-BFCC-4306-9638-6C078FC7451C}.Debug|Any CPU.Build.0 = Debug|Any CPU
		{8B9F0693-BFCC-4306-9638-6C078FC7451C}.Debug|x64.ActiveCfg = Debug|Any CPU
		{8B9F0693-BFCC-4306-9638-6C078FC7451C}.Debug|x64.Build.0 = Debug|Any CPU
		{8B9F0693-BFCC-4306-9638-6C078FC7451C}.Debug|x86.ActiveCfg = Debug|Any CPU
		{8B9F0693-BFCC-4306-9638-6C078FC7451C}.Debug|x86.Build.0 = Debug|Any CPU
		{8B9F0693-BFCC-4306-9638-6C078FC7451C}.Release|Any CPU.ActiveCfg = Release|Any CPU
		{8B9F0693-BFCC-4306-9638-6C078FC7451C}.Release|Any CPU.Build.0 = Release|Any CPU
		{8B9F0693-BFCC-4306-9638-6C078FC7451C}.Release|x64.ActiveCfg = Release|Any CPU
		{8B9F0693-BFCC-4306-9638-6C078FC7451C}.Release|x64.Build.0 = Release|Any CPU
		{8B9F0693-BFCC-4306-9638-6C078FC7451C}.Release|x86.ActiveCfg = Release|Any CPU
		{8B9F0693-BFCC-4306-9638-6C078FC7451C}.Release|x86.Build.0 = Release|Any CPU
		{EAAAA313-9C52-4E69-A8B5-313103065B6E}.Debug|Any CPU.ActiveCfg = Debug|Any CPU
		{EAAAA313-9C52-4E69-A8B5-313103065B6E}.Debug|Any CPU.Build.0 = Debug|Any CPU
		{EAAAA313-9C52-4E69-A8B5-313103065B6E}.Debug|x64.ActiveCfg = Debug|Any CPU
		{EAAAA313-9C52-4E69-A8B5-313103065B6E}.Debug|x64.Build.0 = Debug|Any CPU
		{EAAAA313-9C52-4E69-A8B5-313103065B6E}.Debug|x86.ActiveCfg = Debug|Any CPU
		{EAAAA313-9C52-4E69-A8B5-313103065B6E}.Debug|x86.Build.0 = Debug|Any CPU
		{EAAAA313-9C52-4E69-A8B5-313103065B6E}.Release|Any CPU.ActiveCfg = Release|Any CPU
		{EAAAA313-9C52-4E69-A8B5-313103065B6E}.Release|Any CPU.Build.0 = Release|Any CPU
		{EAAAA313-9C52-4E69-A8B5-313103065B6E}.Release|x64.ActiveCfg = Release|Any CPU
		{EAAAA313-9C52-4E69-A8B5-313103065B6E}.Release|x64.Build.0 = Release|Any CPU
		{EAAAA313-9C52-4E69-A8B5-313103065B6E}.Release|x86.ActiveCfg = Release|Any CPU
		{EAAAA313-9C52-4E69-A8B5-313103065B6E}.Release|x86.Build.0 = Release|Any CPU
		{21199320-8A76-4B32-9B78-AF549D855B75}.Debug|Any CPU.ActiveCfg = Debug|Any CPU
		{21199320-8A76-4B32-9B78-AF549D855B75}.Debug|Any CPU.Build.0 = Debug|Any CPU
		{21199320-8A76-4B32-9B78-AF549D855B75}.Debug|x64.ActiveCfg = Debug|Any CPU
		{21199320-8A76-4B32-9B78-AF549D855B75}.Debug|x64.Build.0 = Debug|Any CPU
		{21199320-8A76-4B32-9B78-AF549D855B75}.Debug|x86.ActiveCfg = Debug|Any CPU
		{21199320-8A76-4B32-9B78-AF549D855B75}.Debug|x86.Build.0 = Debug|Any CPU
		{21199320-8A76-4B32-9B78-AF549D855B75}.Release|Any CPU.ActiveCfg = Release|Any CPU
		{21199320-8A76-4B32-9B78-AF549D855B75}.Release|Any CPU.Build.0 = Release|Any CPU
		{21199320-8A76-4B32-9B78-AF549D855B75}.Release|x64.ActiveCfg = Release|Any CPU
		{21199320-8A76-4B32-9B78-AF549D855B75}.Release|x64.Build.0 = Release|Any CPU
		{21199320-8A76-4B32-9B78-AF549D855B75}.Release|x86.ActiveCfg = Release|Any CPU
		{21199320-8A76-4B32-9B78-AF549D855B75}.Release|x86.Build.0 = Release|Any CPU
		{5D4A26D2-917B-40D9-9A2B-873E3FA20C2D}.Debug|Any CPU.ActiveCfg = Debug|Any CPU
		{5D4A26D2-917B-40D9-9A2B-873E3FA20C2D}.Debug|Any CPU.Build.0 = Debug|Any CPU
		{5D4A26D2-917B-40D9-9A2B-873E3FA20C2D}.Debug|x64.ActiveCfg = Debug|Any CPU
		{5D4A26D2-917B-40D9-9A2B-873E3FA20C2D}.Debug|x64.Build.0 = Debug|Any CPU
		{5D4A26D2-917B-40D9-9A2B-873E3FA20C2D}.Debug|x86.ActiveCfg = Debug|Any CPU
		{5D4A26D2-917B-40D9-9A2B-873E3FA20C2D}.Debug|x86.Build.0 = Debug|Any CPU
		{5D4A26D2-917B-40D9-9A2B-873E3FA20C2D}.Release|Any CPU.ActiveCfg = Release|Any CPU
		{5D4A26D2-917B-40D9-9A2B-873E3FA20C2D}.Release|Any CPU.Build.0 = Release|Any CPU
		{5D4A26D2-917B-40D9-9A2B-873E3FA20C2D}.Release|x64.ActiveCfg = Release|Any CPU
		{5D4A26D2-917B-40D9-9A2B-873E3FA20C2D}.Release|x64.Build.0 = Release|Any CPU
		{5D4A26D2-917B-40D9-9A2B-873E3FA20C2D}.Release|x86.ActiveCfg = Release|Any CPU
		{5D4A26D2-917B-40D9-9A2B-873E3FA20C2D}.Release|x86.Build.0 = Release|Any CPU
		{00B6C5DF-CE9A-41C5-BA4E-4522A18650E2}.Debug|Any CPU.ActiveCfg = Debug|Any CPU
		{00B6C5DF-CE9A-41C5-BA4E-4522A18650E2}.Debug|Any CPU.Build.0 = Debug|Any CPU
		{00B6C5DF-CE9A-41C5-BA4E-4522A18650E2}.Debug|x64.ActiveCfg = Debug|Any CPU
		{00B6C5DF-CE9A-41C5-BA4E-4522A18650E2}.Debug|x64.Build.0 = Debug|Any CPU
		{00B6C5DF-CE9A-41C5-BA4E-4522A18650E2}.Debug|x86.ActiveCfg = Debug|Any CPU
		{00B6C5DF-CE9A-41C5-BA4E-4522A18650E2}.Debug|x86.Build.0 = Debug|Any CPU
		{00B6C5DF-CE9A-41C5-BA4E-4522A18650E2}.Release|Any CPU.ActiveCfg = Release|Any CPU
		{00B6C5DF-CE9A-41C5-BA4E-4522A18650E2}.Release|Any CPU.Build.0 = Release|Any CPU
		{00B6C5DF-CE9A-41C5-BA4E-4522A18650E2}.Release|x64.ActiveCfg = Release|Any CPU
		{00B6C5DF-CE9A-41C5-BA4E-4522A18650E2}.Release|x64.Build.0 = Release|Any CPU
		{00B6C5DF-CE9A-41C5-BA4E-4522A18650E2}.Release|x86.ActiveCfg = Release|Any CPU
		{00B6C5DF-CE9A-41C5-BA4E-4522A18650E2}.Release|x86.Build.0 = Release|Any CPU
		{9A442DDE-3FDA-40AE-AF43-490368BAD010}.Debug|Any CPU.ActiveCfg = Debug|Any CPU
		{9A442DDE-3FDA-40AE-AF43-490368BAD010}.Debug|Any CPU.Build.0 = Debug|Any CPU
		{9A442DDE-3FDA-40AE-AF43-490368BAD010}.Debug|x64.ActiveCfg = Debug|Any CPU
		{9A442DDE-3FDA-40AE-AF43-490368BAD010}.Debug|x64.Build.0 = Debug|Any CPU
		{9A442DDE-3FDA-40AE-AF43-490368BAD010}.Debug|x86.ActiveCfg = Debug|Any CPU
		{9A442DDE-3FDA-40AE-AF43-490368BAD010}.Debug|x86.Build.0 = Debug|Any CPU
		{9A442DDE-3FDA-40AE-AF43-490368BAD010}.Release|Any CPU.ActiveCfg = Release|Any CPU
		{9A442DDE-3FDA-40AE-AF43-490368BAD010}.Release|Any CPU.Build.0 = Release|Any CPU
		{9A442DDE-3FDA-40AE-AF43-490368BAD010}.Release|x64.ActiveCfg = Release|Any CPU
		{9A442DDE-3FDA-40AE-AF43-490368BAD010}.Release|x64.Build.0 = Release|Any CPU
		{9A442DDE-3FDA-40AE-AF43-490368BAD010}.Release|x86.ActiveCfg = Release|Any CPU
		{9A442DDE-3FDA-40AE-AF43-490368BAD010}.Release|x86.Build.0 = Release|Any CPU
		{F92F3F4C-2B87-4DA6-904D-C9D60076582B}.Debug|Any CPU.ActiveCfg = Debug|Any CPU
		{F92F3F4C-2B87-4DA6-904D-C9D60076582B}.Debug|Any CPU.Build.0 = Debug|Any CPU
		{F92F3F4C-2B87-4DA6-904D-C9D60076582B}.Debug|x64.ActiveCfg = Debug|Any CPU
		{F92F3F4C-2B87-4DA6-904D-C9D60076582B}.Debug|x64.Build.0 = Debug|Any CPU
		{F92F3F4C-2B87-4DA6-904D-C9D60076582B}.Debug|x86.ActiveCfg = Debug|Any CPU
		{F92F3F4C-2B87-4DA6-904D-C9D60076582B}.Debug|x86.Build.0 = Debug|Any CPU
		{F92F3F4C-2B87-4DA6-904D-C9D60076582B}.Release|Any CPU.ActiveCfg = Release|Any CPU
		{F92F3F4C-2B87-4DA6-904D-C9D60076582B}.Release|Any CPU.Build.0 = Release|Any CPU
		{F92F3F4C-2B87-4DA6-904D-C9D60076582B}.Release|x64.ActiveCfg = Release|Any CPU
		{F92F3F4C-2B87-4DA6-904D-C9D60076582B}.Release|x64.Build.0 = Release|Any CPU
		{F92F3F4C-2B87-4DA6-904D-C9D60076582B}.Release|x86.ActiveCfg = Release|Any CPU
		{F92F3F4C-2B87-4DA6-904D-C9D60076582B}.Release|x86.Build.0 = Release|Any CPU
		{BCD2FC7D-A75B-4FC4-AC69-A8E2895F0F84}.Debug|Any CPU.ActiveCfg = Debug|Any CPU
		{BCD2FC7D-A75B-4FC4-AC69-A8E2895F0F84}.Debug|Any CPU.Build.0 = Debug|Any CPU
		{BCD2FC7D-A75B-4FC4-AC69-A8E2895F0F84}.Debug|x64.ActiveCfg = Debug|Any CPU
		{BCD2FC7D-A75B-4FC4-AC69-A8E2895F0F84}.Debug|x64.Build.0 = Debug|Any CPU
		{BCD2FC7D-A75B-4FC4-AC69-A8E2895F0F84}.Debug|x86.ActiveCfg = Debug|Any CPU
		{BCD2FC7D-A75B-4FC4-AC69-A8E2895F0F84}.Debug|x86.Build.0 = Debug|Any CPU
		{BCD2FC7D-A75B-4FC4-AC69-A8E2895F0F84}.Release|Any CPU.ActiveCfg = Release|Any CPU
		{BCD2FC7D-A75B-4FC4-AC69-A8E2895F0F84}.Release|Any CPU.Build.0 = Release|Any CPU
		{BCD2FC7D-A75B-4FC4-AC69-A8E2895F0F84}.Release|x64.ActiveCfg = Release|Any CPU
		{BCD2FC7D-A75B-4FC4-AC69-A8E2895F0F84}.Release|x64.Build.0 = Release|Any CPU
		{BCD2FC7D-A75B-4FC4-AC69-A8E2895F0F84}.Release|x86.ActiveCfg = Release|Any CPU
		{BCD2FC7D-A75B-4FC4-AC69-A8E2895F0F84}.Release|x86.Build.0 = Release|Any CPU
		{259A5C6A-212B-428C-AAF4-3A4EB17EF389}.Debug|Any CPU.ActiveCfg = Debug|Any CPU
		{259A5C6A-212B-428C-AAF4-3A4EB17EF389}.Debug|Any CPU.Build.0 = Debug|Any CPU
		{259A5C6A-212B-428C-AAF4-3A4EB17EF389}.Debug|x64.ActiveCfg = Debug|Any CPU
		{259A5C6A-212B-428C-AAF4-3A4EB17EF389}.Debug|x64.Build.0 = Debug|Any CPU
		{259A5C6A-212B-428C-AAF4-3A4EB17EF389}.Debug|x86.ActiveCfg = Debug|Any CPU
		{259A5C6A-212B-428C-AAF4-3A4EB17EF389}.Debug|x86.Build.0 = Debug|Any CPU
		{259A5C6A-212B-428C-AAF4-3A4EB17EF389}.Release|Any CPU.ActiveCfg = Release|Any CPU
		{259A5C6A-212B-428C-AAF4-3A4EB17EF389}.Release|Any CPU.Build.0 = Release|Any CPU
		{259A5C6A-212B-428C-AAF4-3A4EB17EF389}.Release|x64.ActiveCfg = Release|Any CPU
		{259A5C6A-212B-428C-AAF4-3A4EB17EF389}.Release|x64.Build.0 = Release|Any CPU
		{259A5C6A-212B-428C-AAF4-3A4EB17EF389}.Release|x86.ActiveCfg = Release|Any CPU
		{259A5C6A-212B-428C-AAF4-3A4EB17EF389}.Release|x86.Build.0 = Release|Any CPU
		{32B80B45-B2BC-4445-A508-E96F4358BD0C}.Debug|Any CPU.ActiveCfg = Debug|Any CPU
		{32B80B45-B2BC-4445-A508-E96F4358BD0C}.Debug|Any CPU.Build.0 = Debug|Any CPU
		{32B80B45-B2BC-4445-A508-E96F4358BD0C}.Debug|x64.ActiveCfg = Debug|Any CPU
		{32B80B45-B2BC-4445-A508-E96F4358BD0C}.Debug|x64.Build.0 = Debug|Any CPU
		{32B80B45-B2BC-4445-A508-E96F4358BD0C}.Debug|x86.ActiveCfg = Debug|Any CPU
		{32B80B45-B2BC-4445-A508-E96F4358BD0C}.Debug|x86.Build.0 = Debug|Any CPU
		{32B80B45-B2BC-4445-A508-E96F4358BD0C}.Release|Any CPU.ActiveCfg = Release|Any CPU
		{32B80B45-B2BC-4445-A508-E96F4358BD0C}.Release|Any CPU.Build.0 = Release|Any CPU
		{32B80B45-B2BC-4445-A508-E96F4358BD0C}.Release|x64.ActiveCfg = Release|Any CPU
		{32B80B45-B2BC-4445-A508-E96F4358BD0C}.Release|x64.Build.0 = Release|Any CPU
		{32B80B45-B2BC-4445-A508-E96F4358BD0C}.Release|x86.ActiveCfg = Release|Any CPU
		{32B80B45-B2BC-4445-A508-E96F4358BD0C}.Release|x86.Build.0 = Release|Any CPU
	EndGlobalSection
	GlobalSection(SolutionProperties) = preSolution
		HideSolutionNode = FALSE
	EndGlobalSection
	GlobalSection(NestedProjects) = preSolution
		{939315F1-D3EC-43C4-9DA0-4EA39BBD85CB} = {D82C56D6-B2CD-F611-9E31-04638F7EC30E}
		{40989E0B-D64C-46ED-21F8-707E8BBF6E02} = {7266C4A9-E384-DC00-0EB6-47F6002CFBA7}
		{32D614A2-9E34-4F86-AF61-7ECE918A29F0} = {40989E0B-D64C-46ED-21F8-707E8BBF6E02}
		{328D8444-6DE6-A52E-F3CF-45F39437F3B2} = {7266C4A9-E384-DC00-0EB6-47F6002CFBA7}
		{EF4E9E92-0881-447D-BDD5-EF6871E8A421} = {328D8444-6DE6-A52E-F3CF-45F39437F3B2}
		{F8F4539D-0082-74A4-1D92-510706789366} = {7266C4A9-E384-DC00-0EB6-47F6002CFBA7}
		{25E607EC-9F47-40E4-BB62-5D56DB156D02} = {F8F4539D-0082-74A4-1D92-510706789366}
		{729B03C7-1C3E-5EDD-EDB4-38F58E22BDF1} = {CA253913-39DE-BFD0-C9A3-4B7EC6FBDF17}
		{3F7DEBF4-6C89-420F-BA24-06069ED5B88B} = {729B03C7-1C3E-5EDD-EDB4-38F58E22BDF1}
		{805E8A16-EA26-4AE3-AD91-2ECDF66C5503} = {729B03C7-1C3E-5EDD-EDB4-38F58E22BDF1}
		{697330A3-0CBB-45B3-9394-A71C570A3FB8} = {729B03C7-1C3E-5EDD-EDB4-38F58E22BDF1}
		{75E9EE37-46E7-4A5F-9F4E-53CEE2959B43} = {729B03C7-1C3E-5EDD-EDB4-38F58E22BDF1}
		{EB586A60-27AF-8045-D933-6C2DD04C24B0} = {CA253913-39DE-BFD0-C9A3-4B7EC6FBDF17}
		{8D3EC4BE-3FA1-4A00-AC05-66CF02383134} = {EB586A60-27AF-8045-D933-6C2DD04C24B0}
		{FD0C1CD8-D1C7-40C5-8FB0-D4AAB1210452} = {EB586A60-27AF-8045-D933-6C2DD04C24B0}
		{8B9F0693-BFCC-4306-9638-6C078FC7451C} = {EB586A60-27AF-8045-D933-6C2DD04C24B0}
		{EAAAA313-9C52-4E69-A8B5-313103065B6E} = {EB586A60-27AF-8045-D933-6C2DD04C24B0}
		{E1ED5814-3279-5096-6E7D-B99B82AC87D2} = {CA253913-39DE-BFD0-C9A3-4B7EC6FBDF17}
		{21199320-8A76-4B32-9B78-AF549D855B75} = {E1ED5814-3279-5096-6E7D-B99B82AC87D2}
		{5D4A26D2-917B-40D9-9A2B-873E3FA20C2D} = {E1ED5814-3279-5096-6E7D-B99B82AC87D2}
		{00B6C5DF-CE9A-41C5-BA4E-4522A18650E2} = {E1ED5814-3279-5096-6E7D-B99B82AC87D2}
		{9A442DDE-3FDA-40AE-AF43-490368BAD010} = {E1ED5814-3279-5096-6E7D-B99B82AC87D2}
		{293C06CD-4E17-48BD-9F3B-B5ADDFFA9425} = {CA253913-39DE-BFD0-C9A3-4B7EC6FBDF17}
		{F92F3F4C-2B87-4DA6-904D-C9D60076582B} = {293C06CD-4E17-48BD-9F3B-B5ADDFFA9425}
		{BCD2FC7D-A75B-4FC4-AC69-A8E2895F0F84} = {293C06CD-4E17-48BD-9F3B-B5ADDFFA9425}
		{259A5C6A-212B-428C-AAF4-3A4EB17EF389} = {293C06CD-4E17-48BD-9F3B-B5ADDFFA9425}
		{32B80B45-B2BC-4445-A508-E96F4358BD0C} = {293C06CD-4E17-48BD-9F3B-B5ADDFFA9425}
	EndGlobalSection
EndGlobal
